
Microsoft Visual Studio Solution File, Format Version 12.00
# Visual Studio Version 16
VisualStudioVersion = 16.0.31402.337
MinimumVisualStudioVersion = 10.0.40219.1
Project("{FAE04EC0-301F-11D3-BF4B-00C04F79EFBC}") = "QueueDemo", "QueueDemo\QueueDemo.csproj", "{3A47AF59-DC3E-416D-BEE5-3469860F6AAF}"
EndProject
Global
	GlobalSection(SolutionConfigurationPlatforms) = preSolution
		Debug|Any CPU = Debug|Any CPU
		Release|Any CPU = Release|Any CPU
	EndGlobalSection
	GlobalSection(ProjectConfigurationPlatforms) = postSolution
		{3A47AF59-DC3E-416D-BEE5-3469860F6AAF}.Debug|Any CPU.ActiveCfg = Debug|Any CPU
		{3A47AF59-DC3E-416D-BEE5-3469860F6AAF}.Debug|Any CPU.Build.0 = Debug|Any CPU
		{3A47AF59-DC3E-416D-BEE5-3469860F6AAF}.Release|Any CPU.ActiveCfg = Release|Any CPU
		{3A47AF59-DC3E-416D-BEE5-3469860F6AAF}.Release|Any CPU.Build.0 = Release|Any CPU
	EndGlobalSection
	GlobalSection(SolutionProperties) = preSolution
		HideSolutionNode = FALSE
	EndGlobalSection
	GlobalSection(ExtensibilityGlobals) = postSolution
		SolutionGuid = {F7B0BC68-EF21-4D6F-9B75-5A5A830AE7CB}
	EndGlobalSection
EndGlobal
